// !$*UTF8*$!
{
	archiveVersion = 1;
	classes = {
	};
	objectVersion = 55;
	objects = {

/* Begin PBXBuildFile section */
		A989DFA128626B5A00AFA027 /* main.swift in Sources */ = {isa = PBXBuildFile; fileRef = A989DFA028626B5A00AFA027 /* main.swift */; };
		A989DFA828626BF000AFA027 /* MortgageLoan.swift in Sources */ = {isa = PBXBuildFile; fileRef = A989DFA728626BF000AFA027 /* MortgageLoan.swift */; };
		A989DFAA2862752800AFA027 /* MortgageLoanExtensions.swift in Sources */ = {isa = PBXBuildFile; fileRef = A989DFA92862752800AFA027 /* MortgageLoanExtensions.swift */; };
/* End PBXBuildFile section */

/* Begin PBXCopyFilesBuildPhase section */
		A989DF9B28626B5A00AFA027 /* CopyFiles */ = {
			isa = PBXCopyFilesBuildPhase;
			buildActionMask = 2147483647;
			dstPath = /usr/share/man/man1/;
			dstSubfolderSpec = 0;
			files = (
			);
			runOnlyForDeploymentPostprocessing = 1;
		};
/* End PBXCopyFilesBuildPhase section */

/* Begin PBXFileReference section */
		A989DF9D28626B5A00AFA027 /* Vaibhav-Tailor_COMP2125-Sec003_Test01-Ex01 */ = {isa = PBXFileReference; explicitFileType = "compiled.mach-o.executable"; includeInIndex = 0; path = "Vaibhav-Tailor_COMP2125-Sec003_Test01-Ex01"; sourceTree = BUILT_PRODUCTS_DIR; };
		A989DFA028626B5A00AFA027 /* main.swift */ = {isa = PBXFileReference; lastKnownFileType = sourcecode.swift; path = main.swift; sourceTree = "<group>"; };
		A989DFA728626BF000AFA027 /* MortgageLoan.swift */ = {isa = PBXFileReference; lastKnownFileType = sourcecode.swift; path = MortgageLoan.swift; sourceTree = "<group>"; };
		A989DFA92862752800AFA027 /* MortgageLoanExtensions.swift */ = {isa = PBXFileReference; lastKnownFileType = sourcecode.swift; path = MortgageLoanExtensions.swift; sourceTree = "<group>"; };
/* End PBXFileReference section */

/* Begin PBXFrameworksBuildPhase section */
		A989DF9A28626B5A00AFA027 /* Frameworks */ = {
			isa = PBXFrameworksBuildPhase;
			buildActionMask = 2147483647;
			files = (
			);
			runOnlyForDeploymentPostprocessing = 0;
		};
/* End PBXFrameworksBuildPhase section */

/* Begin PBXGroup section */
		A989DF9428626B5A00AFA027 = {
			isa = PBXGroup;
			children = (
				A989DF9F28626B5A00AFA027 /* Vaibhav-Tailor_COMP2125-Sec003_Test01-Ex01 */,
				A989DF9E28626B5A00AFA027 /* Products */,
			);
			sourceTree = "<group>";
		};
		A989DF9E28626B5A00AFA027 /* Products */ = {
			isa = PBXGroup;
			children = (
				A989DF9D28626B5A00AFA027 /* Vaibhav-Tailor_COMP2125-Sec003_Test01-Ex01 */,
			);
			name = Products;
			sourceTree = "<group>";
		};
		A989DF9F28626B5A00AFA027 /* Vaibhav-Tailor_COMP2125-Sec003_Test01-Ex01 */ = {
			isa = PBXGroup;
			children = (
				A989DFA028626B5A00AFA027 /* main.swift */,
				A989DFA728626BF000AFA027 /* MortgageLoan.swift */,
				A989DFA92862752800AFA027 /* MortgageLoanExtensions.swift */,
			);
			path = "Vaibhav-Tailor_COMP2125-Sec003_Test01-Ex01";
			sourceTree = "<group>";
		};
/* End PBXGroup section */

/* Begin PBXNativeTarget section */
		A989DF9C28626B5A00AFA027 /* Vaibhav-Tailor_COMP2125-Sec003_Test01-Ex01 */ = {
			isa = PBXNativeTarget;
			buildConfigurationList = A989DFA428626B5A00AFA027 /* Build configuration list for PBXNativeTarget "Vaibhav-Tailor_COMP2125-Sec003_Test01-Ex01" */;
			buildPhases = (
				A989DF9928626B5A00AFA027 /* Sources */,
				A989DF9A28626B5A00AFA027 /* Frameworks */,
				A989DF9B28626B5A00AFA027 /* CopyFiles */,
			);
			buildRules = (
			);
			dependencies = (
			);
			name = "Vaibhav-Tailor_COMP2125-Sec003_Test01-Ex01";
			productName = "Vaibhav-Tailor_COMP2125-Sec003_Test01-Ex01";
			productReference = A989DF9D28626B5A00AFA027 /* Vaibhav-Tailor_COMP2125-Sec003_Test01-Ex01 */;
			productType = "com.apple.product-type.tool";
		};
/* End PBXNativeTarget section */

/* Begin PBXProject section */
		A989DF9528626B5A00AFA027 /* Project object */ = {
			isa = PBXProject;
			attributes = {
				BuildIndependentTargetsInParallel = 1;
				LastSwiftUpdateCheck = 1320;
				LastUpgradeCheck = 1320;
				TargetAttributes = {
					A989DF9C28626B5A00AFA027 = {
						CreatedOnToolsVersion = 13.2.1;
					};
				};
			};
			buildConfigurationList = A989DF9828626B5A00AFA027 /* Build configuration list for PBXProject "Vaibhav-Tailor_COMP2125-Sec003_Test01-Ex01" */;
			compatibilityVersion = "Xcode 13.0";
			developmentRegion = en;
			hasScannedForEncodings = 0;
			knownRegions = (
				en,
				Base,
			);
			mainGroup = A989DF9428626B5A00AFA027;
			productRefGroup = A989DF9E28626B5A00AFA027 /* Products */;
			projectDirPath = "";
			projectRoot = "";
			targets = (
				A989DF9C28626B5A00AFA027 /* Vaibhav-Tailor_COMP2125-Sec003_Test01-Ex01 */,
			);
		};
/* End PBXProject section */

/* Begin PBXSourcesBuildPhase section */
		A989DF9928626B5A00AFA027 /* Sources */ = {
			isa = PBXSourcesBuildPhase;
			buildActionMask = 2147483647;
			files = (
				A989DFA128626B5A00AFA027 /* main.swift in Sources */,
				A989DFA828626BF000AFA027 /* MortgageLoan.swift in Sources */,
				A989DFAA2862752800AFA027 /* MortgageLoanExtensions.swift in Sources */,
			);
			runOnlyForDeploymentPostprocessing = 0;
		};
/* End PBXSourcesBuildPhase section */

/* Begin XCBuildConfiguration section */
		A989DFA228626B5A00AFA027 /* Debug */ = {
			isa = XCBuildConfiguration;
			buildSettings = {
				ALWAYS_SEARCH_USER_PATHS = NO;
				CLANG_ANALYZER_NONNULL = YES;
				CLANG_ANALYZER_NUMBER_OBJECT_CONVERSION = YES_AGGRESSIVE;
				CLANG_CXX_LANGUAGE_STANDARD = "gnu++17";
				CLANG_CXX_LIBRARY = "libc++";
				CLANG_ENABLE_MODULES = YES;
				CLANG_ENABLE_OBJC_ARC = YES;
				CLANG_ENABLE_OBJC_WEAK = YES;
				CLANG_WARN_BLOCK_CAPTURE_AUTORELEASING = YES;
				CLANG_WARN_BOOL_CONVERSION = YES;
				CLANG_WARN_COMMA = YES;
				CLANG_WARN_CONSTANT_CONVERSION = YES;
				CLANG_WARN_DEPRECATED_OBJC_IMPLEMENTATIONS = YES;
				CLANG_WARN_DIRECT_OBJC_ISA_USAGE = YES_ERROR;
				CLANG_WARN_DOCUMENTATION_COMMENTS = YES;
				CLANG_WARN_EMPTY_BODY = YES;
				CLANG_WARN_ENUM_CONVERSION = YES;
				CLANG_WARN_INFINITE_RECURSION = YES;
				CLANG_WARN_INT_CONVERSION = YES;
				CLANG_WARN_NON_LITERAL_NULL_CONVERSION = YES;
				CLANG_WARN_OBJC_IMPLICIT_RETAIN_SELF = YES;
				CLANG_WARN_OBJC_LITERAL_CONVERSION = YES;
				CLANG_WARN_OBJC_ROOT_CLASS = YES_ERROR;
				CLANG_WARN_QUOTED_INCLUDE_IN_FRAMEWORK_HEADER = YES;
				CLANG_WARN_RANGE_LOOP_ANALYSIS = YES;
				CLANG_WARN_STRICT_PROTOTYPES = YES;
				CLANG_WARN_SUSPICIOUS_MOVE = YES;
				CLANG_WARN_UNGUARDED_AVAILABILITY = YES_AGGRESSIVE;
				CLANG_WARN_UNREACHABLE_CODE = YES;
				CLANG_WARN__DUPLICATE_METHOD_MATCH = YES;
				COPY_PHASE_STRIP = NO;
				DEBUG_INFORMATION_FORMAT = dwarf;
				ENABLE_STRICT_OBJC_MSGSEND = YES;
				ENABLE_TESTABILITY = YES;
				GCC_C_LANGUAGE_STANDARD = gnu11;
				GCC_DYNAMIC_NO_PIC = NO;
				GCC_NO_COMMON_BLOCKS = YES;
				GCC_OPTIMIZATION_LEVEL = 0;
				GCC_PREPROCESSOR_DEFINITIONS = (
					"DEBUG=1",
					"$(inherited)",
				);
				GCC_WARN_64_TO_32_BIT_CONVERSION = YES;
				GCC_WARN_ABOUT_RETURN_TYPE = YES_ERROR;
				GCC_WARN_UNDECLARED_SELECTOR = YES;
				GCC_WARN_UNINITIALIZED_AUTOS = YES_AGGRESSIVE;
				GCC_WARN_UNUSED_FUNCTION = YES;
				GCC_WARN_UNUSED_VARIABLE = YES;
				MACOSX_DEPLOYMENT_TARGET = 11.6;
				MTL_ENABLE_DEBUG_INFO = INCLUDE_SOURCE;
				MTL_FAST_MATH = YES;
				ONLY_ACTIVE_ARCH = YES;
				SDKROOT = macosx;
				SWIFT_ACTIVE_COMPILATION_CONDITIONS = DEBUG;
				SWIFT_OPTIMIZATION_LEVEL = "-Onone";
			};
			name = Debug;
		};
		A989DFA328626B5A00AFA027 /* Release */ = {
			isa = XCBuildConfiguration;
			buildSettings = {
				ALWAYS_SEARCH_USER_PATHS = NO;
				CLANG_ANALYZER_NONNULL = YES;
				CLANG_ANALYZER_NUMBER_OBJECT_CONVERSION = YES_AGGRESSIVE;
				CLANG_CXX_LANGUAGE_STANDARD = "gnu++17";
				CLANG_CXX_LIBRARY = "libc++";
				CLANG_ENABLE_MODULES = YES;
				CLANG_ENABLE_OBJC_ARC = YES;
				CLANG_ENABLE_OBJC_WEAK = YES;
				CLANG_WARN_BLOCK_CAPTURE_AUTORELEASING = YES;
				CLANG_WARN_BOOL_CONVERSION = YES;
				CLANG_WARN_COMMA = YES;
				CLANG_WARN_CONSTANT_CONVERSION = YES;
				CLANG_WARN_DEPRECATED_OBJC_IMPLEMENTATIONS = YES;
				CLANG_WARN_DIRECT_OBJC_ISA_USAGE = YES_ERROR;
				CLANG_WARN_DOCUMENTATION_COMMENTS = YES;
				CLANG_WARN_EMPTY_BODY = YES;
				CLANG_WARN_ENUM_CONVERSION = YES;
				CLANG_WARN_INFINITE_RECURSION = YES;
				CLANG_WARN_INT_CONVERSION = YES;
				CLANG_WARN_NON_LITERAL_NULL_CONVERSION = YES;
				CLANG_WARN_OBJC_IMPLICIT_RETAIN_SELF = YES;
				CLANG_WARN_OBJC_LITERAL_CONVERSION = YES;
				CLANG_WARN_OBJC_ROOT_CLASS = YES_ERROR;
				CLANG_WARN_QUOTED_INCLUDE_IN_FRAMEWORK_HEADER = YES;
				CLANG_WARN_RANGE_LOOP_ANALYSIS = YES;
				CLANG_WARN_STRICT_PROTOTYPES = YES;
				CLANG_WARN_SUSPICIOUS_MOVE = YES;
				CLANG_WARN_UNGUARDED_AVAILABILITY = YES_AGGRESSIVE;
				CLANG_WARN_UNREACHABLE_CODE = YES;
				CLANG_WARN__DUPLICATE_METHOD_MATCH = YES;
				COPY_PHASE_STRIP = NO;
				DEBUG_INFORMATION_FORMAT = "dwarf-with-dsym";
				ENABLE_NS_ASSERTIONS = NO;
				ENABLE_STRICT_OBJC_MSGSEND = YES;
				GCC_C_LANGUAGE_STANDARD = gnu11;
				GCC_NO_COMMON_BLOCKS = YES;
				GCC_WARN_64_TO_32_BIT_CONVERSION = YES;
				GCC_WARN_ABOUT_RETURN_TYPE = YES_ERROR;
				GCC_WARN_UNDECLARED_SELECTOR = YES;
				GCC_WARN_UNINITIALIZED_AUTOS = YES_AGGRESSIVE;
				GCC_WARN_UNUSED_FUNCTION = YES;
				GCC_WARN_UNUSED_VARIABLE = YES;
				MACOSX_DEPLOYMENT_TARGET = 11.6;
				MTL_ENABLE_DEBUG_INFO = NO;
				MTL_FAST_MATH = YES;
				SDKROOT = macosx;
				SWIFT_COMPILATION_MODE = wholemodule;
				SWIFT_OPTIMIZATION_LEVEL = "-O";
			};
			name = Release;
		};
		A989DFA528626B5A00AFA027 /* Debug */ = {
			isa = XCBuildConfiguration;
			buildSettings = {
				CODE_SIGN_STYLE = Automatic;
				PRODUCT_NAME = "$(TARGET_NAME)";
				SWIFT_VERSION = 5.0;
			};
			name = Debug;
		};
		A989DFA628626B5A00AFA027 /* Release */ = {
			isa = XCBuildConfiguration;
			buildSettings = {
				CODE_SIGN_STYLE = Automatic;
				PRODUCT_NAME = "$(TARGET_NAME)";
				SWIFT_VERSION = 5.0;
			};
			name = Release;
		};
/* End XCBuildConfiguration section */

/* Begin XCConfigurationList section */
		A989DF9828626B5A00AFA027 /* Build configuration list for PBXProject "Vaibhav-Tailor_COMP2125-Sec003_Test01-Ex01" */ = {
			isa = XCConfigurationList;
			buildConfigurations = (
				A989DFA228626B5A00AFA027 /* Debug */,
				A989DFA328626B5A00AFA027 /* Release */,
			);
			defaultConfigurationIsVisible = 0;
			defaultConfigurationName = Release;
		};
		A989DFA428626B5A00AFA027 /* Build configuration list for PBXNativeTarget "Vaibhav-Tailor_COMP2125-Sec003_Test01-Ex01" */ = {
			isa = XCConfigurationList;
			buildConfigurations = (
				A989DFA528626B5A00AFA027 /* Debug */,
				A989DFA628626B5A00AFA027 /* Release */,
			);
			defaultConfigurationIsVisible = 0;
			defaultConfigurationName = Release;
		};
/* End XCConfigurationList section */
	};
	rootObject = A989DF9528626B5A00AFA027 /* Project object */;
}
